{
  "name": "proyecto1",
  "version": "1.0.0",
  "lockfileVersion": 1,
  "requires": true,
  "dependencies": {
    "calendar-dates": {
      "version": "2.6.1",
      "resolved": "https://registry.npmjs.org/calendar-dates/-/calendar-dates-2.6.1.tgz",
      "integrity": "sha512-1l29otE7wn0RyGFXS5P/WgfkufssE/ahjZWgJi3QCHJi+ENfjurMKHcNJGO29wMNWGxD0mTvG8JIuOMPq0cbGg=="
    }
  }
}
